
Microsoft Visual Studio Solution File, Format Version 12.00
# Visual Studio 15
VisualStudioVersion = 15.0.26730.12
MinimumVisualStudioVersion = 10.0.40219.1
Project("{FAE04EC0-301F-11D3-BF4B-00C04F79EFBC}") = "01语法复法", "01语法复法\01语法复法.csproj", "{7A8783A8-8EC8-4338-B531-576620D1683E}"
EndProject
Project("{FAE04EC0-301F-11D3-BF4B-00C04F79EFBC}") = "面向对象模拟打开文件", "面向对象模拟打开文件\面向对象模拟打开文件.csproj", "{3721704B-F0B1-424B-BC7C-272A4B20A04C}"
EndProject
Project("{FAE04EC0-301F-11D3-BF4B-00C04F79EFBC}") = "面向对象复习", "面向对象复习\面向对象复习.csproj", "{A3E1295A-7691-4549-81A6-010C7601B84E}"
EndProject
Project("{FAE04EC0-301F-11D3-BF4B-00C04F79EFBC}") = "04继承", "04继承\04继承.csproj", "{4E0C2706-127F-4442-A512-F7B7CF3405B8}"
EndProject
Project("{FAE04EC0-301F-11D3-BF4B-00C04F79EFBC}") = "05里氏转换", "05里氏转换\05里氏转换.csproj", "{BA4B4F6A-F4AC-46A9-BCFD-F4D774A5C992}"
EndProject
Project("{FAE04EC0-301F-11D3-BF4B-00C04F79EFBC}") = "06多态", "06多态\06多态.csproj", "{82D3215F-413A-4C90-858E-AF814446B466}"
EndProject
Project("{FAE04EC0-301F-11D3-BF4B-00C04F79EFBC}") = "07移动存储练习", "07移动存储练习\07移动存储练习.csproj", "{14F81C3C-CA03-4C62-B527-212B74860BB2}"
EndProject
Project("{FAE04EC0-301F-11D3-BF4B-00C04F79EFBC}") = "08接口", "08接口\08接口.csproj", "{BCDA6E47-CF82-4B69-8AF0-BF43D92F517B}"
EndProject
Project("{FAE04EC0-301F-11D3-BF4B-00C04F79EFBC}") = "09字符串", "09字符串\09字符串.csproj", "{A9884B17-8070-43F5-90FB-4EC984EA8AF1}"
EndProject
Project("{FAE04EC0-301F-11D3-BF4B-00C04F79EFBC}") = "10字符串练习", "10字符串练习\10字符串练习.csproj", "{E6E76DAC-32B7-4353-B634-55920335475B}"
EndProject
Project("{FAE04EC0-301F-11D3-BF4B-00C04F79EFBC}") = "11StringBuilder", "11StringBuilder\11StringBuilder.csproj", "{9E392A32-A4F9-4775-B470-A659BBDD108E}"
EndProject
Project("{FAE04EC0-301F-11D3-BF4B-00C04F79EFBC}") = "12泛型练习", "12泛型练习\12泛型练习.csproj", "{93E077EF-A023-444C-99AC-C2100305DA68}"
EndProject
Project("{FAE04EC0-301F-11D3-BF4B-00C04F79EFBC}") = "13Path类", "13Path类\13Path类.csproj", "{4469391E-8839-4EBA-B158-9EBCEA6DA03A}"
EndProject
Project("{FAE04EC0-301F-11D3-BF4B-00C04F79EFBC}") = "14File类", "14File类\14File类.csproj", "{1CD5C16B-B359-42C0-8CB9-DB7DC145E627}"
EndProject
Project("{FAE04EC0-301F-11D3-BF4B-00C04F79EFBC}") = "15Directory操作文件夹类", "15Directory操作文件夹类\15Directory操作文件夹类.csproj", "{59BC1DB4-D429-4D33-AA99-6B2655D640F6}"
EndProject
Project("{FAE04EC0-301F-11D3-BF4B-00C04F79EFBC}") = "16文件类练习", "16文件类练习\16文件类练习.csproj", "{93AA245B-1413-456E-87AE-C53511C163CB}"
EndProject
Project("{FAE04EC0-301F-11D3-BF4B-00C04F79EFBC}") = "17文件流Filetream", "17文件流Filetream\17文件流Filetream.csproj", "{867ADD19-3DC4-466F-9993-090C8DB15E87}"
EndProject
Project("{FAE04EC0-301F-11D3-BF4B-00C04F79EFBC}") = "18序列化S", "18序列化S\18序列化S.csproj", "{4A38B224-A233-4CD4-8D94-6110FB60AF08}"
EndProject
Project("{FAE04EC0-301F-11D3-BF4B-00C04F79EFBC}") = "19播放器案例", "19播放器案例\19播放器案例.csproj", "{83F088CD-57FF-4F75-94FF-AFAB43B794F7}"
EndProject
Project("{FAE04EC0-301F-11D3-BF4B-00C04F79EFBC}") = "20索引器indexer", "20索引器indexer\20索引器indexer.csproj", "{F366B5DF-F1DA-4CF7-BFB1-B2540A9A5177}"
EndProject
Project("{FAE04EC0-301F-11D3-BF4B-00C04F79EFBC}") = "21单例模式", "21单例模式\21单例模式.csproj", "{8F0483B3-804D-40E7-A1EC-65661381A1DB}"
EndProject
Project("{FAE04EC0-301F-11D3-BF4B-00C04F79EFBC}") = "22XML文件", "22XML文件\22XML文件.csproj", "{53CD9CAE-DEBB-4090-8DAE-0539B3E50509}"
EndProject
Project("{FAE04EC0-301F-11D3-BF4B-00C04F79EFBC}") = "23带属性的XML", "23带属性的XML\23带属性的XML.csproj", "{A92240D6-77DA-47AB-90E4-B583CCFA8D21}"
EndProject
Project("{FAE04EC0-301F-11D3-BF4B-00C04F79EFBC}") = "24读取XML", "24读取XML\24读取XML.csproj", "{B3B39542-0361-4093-9323-B8A424E77132}"
EndProject
Project("{FAE04EC0-301F-11D3-BF4B-00C04F79EFBC}") = "25读取带属性的XML文档", "25读取带属性的XML文档\25读取带属性的XML文档.csproj", "{27A5B2C9-7CD7-4ACC-96E1-0F6070AE3A60}"
EndProject
Project("{FAE04EC0-301F-11D3-BF4B-00C04F79EFBC}") = "26删除节点", "26删除节点\26删除节点.csproj", "{7EB4DBD6-9638-4613-8140-74AA3C5CB654}"
EndProject
Project("{FAE04EC0-301F-11D3-BF4B-00C04F79EFBC}") = "27委托", "27委托\27委托.csproj", "{2D4AA158-6E0A-41FF-AA3A-773105BA450A}"
EndProject
Project("{FAE04EC0-301F-11D3-BF4B-00C04F79EFBC}") = "28委托定义", "28委托定义\28委托定义.csproj", "{E7761295-C489-427A-92EF-67AB4648F1D9}"
EndProject
Project("{FAE04EC0-301F-11D3-BF4B-00C04F79EFBC}") = "29匿名函数", "29匿名函数\29匿名函数.csproj", "{9C13FACE-EF0A-478E-A18F-92C106E2F920}"
EndProject
Project("{FAE04EC0-301F-11D3-BF4B-00C04F79EFBC}") = "30委托练习数组", "30委托练习数组\30委托练习数组.csproj", "{EED0AB12-3EFE-42A4-9783-07400761110E}"
EndProject
Project("{FAE04EC0-301F-11D3-BF4B-00C04F79EFBC}") = "31泛型委托", "31泛型委托\31泛型委托.csproj", "{062F14D7-3E2D-4905-B6D9-57E5105918B1}"
EndProject
Project("{FAE04EC0-301F-11D3-BF4B-00C04F79EFBC}") = "32Lamda表达式", "32Lamda表达式\32Lamda表达式.csproj", "{0CDAA101-457C-44EE-9822-8CB5A6BAC9CD}"
EndProject
Project("{FAE04EC0-301F-11D3-BF4B-00C04F79EFBC}") = "33委托练习窗体传值", "33委托练习窗体传值\33委托练习窗体传值.csproj", "{E107C426-767D-4A74-B51C-E48450BDD11F}"
EndProject
Project("{FAE04EC0-301F-11D3-BF4B-00C04F79EFBC}") = "34多播委托", "34多播委托\34多播委托.csproj", "{58664C0B-DA1C-4B7C-BA23-902CD7D2A1CD}"
EndProject
Global
	GlobalSection(SolutionConfigurationPlatforms) = preSolution
		Debug|Any CPU = Debug|Any CPU
		Release|Any CPU = Release|Any CPU
	EndGlobalSection
	GlobalSection(ProjectConfigurationPlatforms) = postSolution
		{7A8783A8-8EC8-4338-B531-576620D1683E}.Debug|Any CPU.ActiveCfg = Debug|Any CPU
		{7A8783A8-8EC8-4338-B531-576620D1683E}.Debug|Any CPU.Build.0 = Debug|Any CPU
		{7A8783A8-8EC8-4338-B531-576620D1683E}.Release|Any CPU.ActiveCfg = Release|Any CPU
		{7A8783A8-8EC8-4338-B531-576620D1683E}.Release|Any CPU.Build.0 = Release|Any CPU
		{3721704B-F0B1-424B-BC7C-272A4B20A04C}.Debug|Any CPU.ActiveCfg = Debug|Any CPU
		{3721704B-F0B1-424B-BC7C-272A4B20A04C}.Debug|Any CPU.Build.0 = Debug|Any CPU
		{3721704B-F0B1-424B-BC7C-272A4B20A04C}.Release|Any CPU.ActiveCfg = Release|Any CPU
		{3721704B-F0B1-424B-BC7C-272A4B20A04C}.Release|Any CPU.Build.0 = Release|Any CPU
		{A3E1295A-7691-4549-81A6-010C7601B84E}.Debug|Any CPU.ActiveCfg = Debug|Any CPU
		{A3E1295A-7691-4549-81A6-010C7601B84E}.Debug|Any CPU.Build.0 = Debug|Any CPU
		{A3E1295A-7691-4549-81A6-010C7601B84E}.Release|Any CPU.ActiveCfg = Release|Any CPU
		{A3E1295A-7691-4549-81A6-010C7601B84E}.Release|Any CPU.Build.0 = Release|Any CPU
		{4E0C2706-127F-4442-A512-F7B7CF3405B8}.Debug|Any CPU.ActiveCfg = Debug|Any CPU
		{4E0C2706-127F-4442-A512-F7B7CF3405B8}.Debug|Any CPU.Build.0 = Debug|Any CPU
		{4E0C2706-127F-4442-A512-F7B7CF3405B8}.Release|Any CPU.ActiveCfg = Release|Any CPU
		{4E0C2706-127F-4442-A512-F7B7CF3405B8}.Release|Any CPU.Build.0 = Release|Any CPU
		{BA4B4F6A-F4AC-46A9-BCFD-F4D774A5C992}.Debug|Any CPU.ActiveCfg = Debug|Any CPU
		{BA4B4F6A-F4AC-46A9-BCFD-F4D774A5C992}.Debug|Any CPU.Build.0 = Debug|Any CPU
		{BA4B4F6A-F4AC-46A9-BCFD-F4D774A5C992}.Release|Any CPU.ActiveCfg = Release|Any CPU
		{BA4B4F6A-F4AC-46A9-BCFD-F4D774A5C992}.Release|Any CPU.Build.0 = Release|Any CPU
		{82D3215F-413A-4C90-858E-AF814446B466}.Debug|Any CPU.ActiveCfg = Debug|Any CPU
		{82D3215F-413A-4C90-858E-AF814446B466}.Debug|Any CPU.Build.0 = Debug|Any CPU
		{82D3215F-413A-4C90-858E-AF814446B466}.Release|Any CPU.ActiveCfg = Release|Any CPU
		{82D3215F-413A-4C90-858E-AF814446B466}.Release|Any CPU.Build.0 = Release|Any CPU
		{14F81C3C-CA03-4C62-B527-212B74860BB2}.Debug|Any CPU.ActiveCfg = Debug|Any CPU
		{14F81C3C-CA03-4C62-B527-212B74860BB2}.Debug|Any CPU.Build.0 = Debug|Any CPU
		{14F81C3C-CA03-4C62-B527-212B74860BB2}.Release|Any CPU.ActiveCfg = Release|Any CPU
		{14F81C3C-CA03-4C62-B527-212B74860BB2}.Release|Any CPU.Build.0 = Release|Any CPU
		{BCDA6E47-CF82-4B69-8AF0-BF43D92F517B}.Debug|Any CPU.ActiveCfg = Debug|Any CPU
		{BCDA6E47-CF82-4B69-8AF0-BF43D92F517B}.Debug|Any CPU.Build.0 = Debug|Any CPU
		{BCDA6E47-CF82-4B69-8AF0-BF43D92F517B}.Release|Any CPU.ActiveCfg = Release|Any CPU
		{BCDA6E47-CF82-4B69-8AF0-BF43D92F517B}.Release|Any CPU.Build.0 = Release|Any CPU
		{A9884B17-8070-43F5-90FB-4EC984EA8AF1}.Debug|Any CPU.ActiveCfg = Debug|Any CPU
		{A9884B17-8070-43F5-90FB-4EC984EA8AF1}.Debug|Any CPU.Build.0 = Debug|Any CPU
		{A9884B17-8070-43F5-90FB-4EC984EA8AF1}.Release|Any CPU.ActiveCfg = Release|Any CPU
		{A9884B17-8070-43F5-90FB-4EC984EA8AF1}.Release|Any CPU.Build.0 = Release|Any CPU
		{E6E76DAC-32B7-4353-B634-55920335475B}.Debug|Any CPU.ActiveCfg = Debug|Any CPU
		{E6E76DAC-32B7-4353-B634-55920335475B}.Debug|Any CPU.Build.0 = Debug|Any CPU
		{E6E76DAC-32B7-4353-B634-55920335475B}.Release|Any CPU.ActiveCfg = Release|Any CPU
		{E6E76DAC-32B7-4353-B634-55920335475B}.Release|Any CPU.Build.0 = Release|Any CPU
		{9E392A32-A4F9-4775-B470-A659BBDD108E}.Debug|Any CPU.ActiveCfg = Debug|Any CPU
		{9E392A32-A4F9-4775-B470-A659BBDD108E}.Debug|Any CPU.Build.0 = Debug|Any CPU
		{9E392A32-A4F9-4775-B470-A659BBDD108E}.Release|Any CPU.ActiveCfg = Release|Any CPU
		{9E392A32-A4F9-4775-B470-A659BBDD108E}.Release|Any CPU.Build.0 = Release|Any CPU
		{93E077EF-A023-444C-99AC-C2100305DA68}.Debug|Any CPU.ActiveCfg = Debug|Any CPU
		{93E077EF-A023-444C-99AC-C2100305DA68}.Debug|Any CPU.Build.0 = Debug|Any CPU
		{93E077EF-A023-444C-99AC-C2100305DA68}.Release|Any CPU.ActiveCfg = Release|Any CPU
		{93E077EF-A023-444C-99AC-C2100305DA68}.Release|Any CPU.Build.0 = Release|Any CPU
		{4469391E-8839-4EBA-B158-9EBCEA6DA03A}.Debug|Any CPU.ActiveCfg = Debug|Any CPU
		{4469391E-8839-4EBA-B158-9EBCEA6DA03A}.Debug|Any CPU.Build.0 = Debug|Any CPU
		{4469391E-8839-4EBA-B158-9EBCEA6DA03A}.Release|Any CPU.ActiveCfg = Release|Any CPU
		{4469391E-8839-4EBA-B158-9EBCEA6DA03A}.Release|Any CPU.Build.0 = Release|Any CPU
		{1CD5C16B-B359-42C0-8CB9-DB7DC145E627}.Debug|Any CPU.ActiveCfg = Debug|Any CPU
		{1CD5C16B-B359-42C0-8CB9-DB7DC145E627}.Debug|Any CPU.Build.0 = Debug|Any CPU
		{1CD5C16B-B359-42C0-8CB9-DB7DC145E627}.Release|Any CPU.ActiveCfg = Release|Any CPU
		{1CD5C16B-B359-42C0-8CB9-DB7DC145E627}.Release|Any CPU.Build.0 = Release|Any CPU
		{59BC1DB4-D429-4D33-AA99-6B2655D640F6}.Debug|Any CPU.ActiveCfg = Debug|Any CPU
		{59BC1DB4-D429-4D33-AA99-6B2655D640F6}.Debug|Any CPU.Build.0 = Debug|Any CPU
		{59BC1DB4-D429-4D33-AA99-6B2655D640F6}.Release|Any CPU.ActiveCfg = Release|Any CPU
		{59BC1DB4-D429-4D33-AA99-6B2655D640F6}.Release|Any CPU.Build.0 = Release|Any CPU
		{93AA245B-1413-456E-87AE-C53511C163CB}.Debug|Any CPU.ActiveCfg = Debug|Any CPU
		{93AA245B-1413-456E-87AE-C53511C163CB}.Debug|Any CPU.Build.0 = Debug|Any CPU
		{93AA245B-1413-456E-87AE-C53511C163CB}.Release|Any CPU.ActiveCfg = Release|Any CPU
		{93AA245B-1413-456E-87AE-C53511C163CB}.Release|Any CPU.Build.0 = Release|Any CPU
		{867ADD19-3DC4-466F-9993-090C8DB15E87}.Debug|Any CPU.ActiveCfg = Debug|Any CPU
		{867ADD19-3DC4-466F-9993-090C8DB15E87}.Debug|Any CPU.Build.0 = Debug|Any CPU
		{867ADD19-3DC4-466F-9993-090C8DB15E87}.Release|Any CPU.ActiveCfg = Release|Any CPU
		{867ADD19-3DC4-466F-9993-090C8DB15E87}.Release|Any CPU.Build.0 = Release|Any CPU
		{4A38B224-A233-4CD4-8D94-6110FB60AF08}.Debug|Any CPU.ActiveCfg = Debug|Any CPU
		{4A38B224-A233-4CD4-8D94-6110FB60AF08}.Debug|Any CPU.Build.0 = Debug|Any CPU
		{4A38B224-A233-4CD4-8D94-6110FB60AF08}.Release|Any CPU.ActiveCfg = Release|Any CPU
		{4A38B224-A233-4CD4-8D94-6110FB60AF08}.Release|Any CPU.Build.0 = Release|Any CPU
		{83F088CD-57FF-4F75-94FF-AFAB43B794F7}.Debug|Any CPU.ActiveCfg = Debug|Any CPU
		{83F088CD-57FF-4F75-94FF-AFAB43B794F7}.Debug|Any CPU.Build.0 = Debug|Any CPU
		{83F088CD-57FF-4F75-94FF-AFAB43B794F7}.Release|Any CPU.ActiveCfg = Release|Any CPU
		{83F088CD-57FF-4F75-94FF-AFAB43B794F7}.Release|Any CPU.Build.0 = Release|Any CPU
		{F366B5DF-F1DA-4CF7-BFB1-B2540A9A5177}.Debug|Any CPU.ActiveCfg = Debug|Any CPU
		{F366B5DF-F1DA-4CF7-BFB1-B2540A9A5177}.Debug|Any CPU.Build.0 = Debug|Any CPU
		{F366B5DF-F1DA-4CF7-BFB1-B2540A9A5177}.Release|Any CPU.ActiveCfg = Release|Any CPU
		{F366B5DF-F1DA-4CF7-BFB1-B2540A9A5177}.Release|Any CPU.Build.0 = Release|Any CPU
		{8F0483B3-804D-40E7-A1EC-65661381A1DB}.Debug|Any CPU.ActiveCfg = Debug|Any CPU
		{8F0483B3-804D-40E7-A1EC-65661381A1DB}.Debug|Any CPU.Build.0 = Debug|Any CPU
		{8F0483B3-804D-40E7-A1EC-65661381A1DB}.Release|Any CPU.ActiveCfg = Release|Any CPU
		{8F0483B3-804D-40E7-A1EC-65661381A1DB}.Release|Any CPU.Build.0 = Release|Any CPU
		{53CD9CAE-DEBB-4090-8DAE-0539B3E50509}.Debug|Any CPU.ActiveCfg = Debug|Any CPU
		{53CD9CAE-DEBB-4090-8DAE-0539B3E50509}.Debug|Any CPU.Build.0 = Debug|Any CPU
		{53CD9CAE-DEBB-4090-8DAE-0539B3E50509}.Release|Any CPU.ActiveCfg = Release|Any CPU
		{53CD9CAE-DEBB-4090-8DAE-0539B3E50509}.Release|Any CPU.Build.0 = Release|Any CPU
		{A92240D6-77DA-47AB-90E4-B583CCFA8D21}.Debug|Any CPU.ActiveCfg = Debug|Any CPU
		{A92240D6-77DA-47AB-90E4-B583CCFA8D21}.Debug|Any CPU.Build.0 = Debug|Any CPU
		{A92240D6-77DA-47AB-90E4-B583CCFA8D21}.Release|Any CPU.ActiveCfg = Release|Any CPU
		{A92240D6-77DA-47AB-90E4-B583CCFA8D21}.Release|Any CPU.Build.0 = Release|Any CPU
		{B3B39542-0361-4093-9323-B8A424E77132}.Debug|Any CPU.ActiveCfg = Debug|Any CPU
		{B3B39542-0361-4093-9323-B8A424E77132}.Debug|Any CPU.Build.0 = Debug|Any CPU
		{B3B39542-0361-4093-9323-B8A424E77132}.Release|Any CPU.ActiveCfg = Release|Any CPU
		{B3B39542-0361-4093-9323-B8A424E77132}.Release|Any CPU.Build.0 = Release|Any CPU
		{27A5B2C9-7CD7-4ACC-96E1-0F6070AE3A60}.Debug|Any CPU.ActiveCfg = Debug|Any CPU
		{27A5B2C9-7CD7-4ACC-96E1-0F6070AE3A60}.Debug|Any CPU.Build.0 = Debug|Any CPU
		{27A5B2C9-7CD7-4ACC-96E1-0F6070AE3A60}.Release|Any CPU.ActiveCfg = Release|Any CPU
		{27A5B2C9-7CD7-4ACC-96E1-0F6070AE3A60}.Release|Any CPU.Build.0 = Release|Any CPU
		{7EB4DBD6-9638-4613-8140-74AA3C5CB654}.Debug|Any CPU.ActiveCfg = Debug|Any CPU
		{7EB4DBD6-9638-4613-8140-74AA3C5CB654}.Debug|Any CPU.Build.0 = Debug|Any CPU
		{7EB4DBD6-9638-4613-8140-74AA3C5CB654}.Release|Any CPU.ActiveCfg = Release|Any CPU
		{7EB4DBD6-9638-4613-8140-74AA3C5CB654}.Release|Any CPU.Build.0 = Release|Any CPU
		{2D4AA158-6E0A-41FF-AA3A-773105BA450A}.Debug|Any CPU.ActiveCfg = Debug|Any CPU
		{2D4AA158-6E0A-41FF-AA3A-773105BA450A}.Debug|Any CPU.Build.0 = Debug|Any CPU
		{2D4AA158-6E0A-41FF-AA3A-773105BA450A}.Release|Any CPU.ActiveCfg = Release|Any CPU
		{2D4AA158-6E0A-41FF-AA3A-773105BA450A}.Release|Any CPU.Build.0 = Release|Any CPU
		{E7761295-C489-427A-92EF-67AB4648F1D9}.Debug|Any CPU.ActiveCfg = Debug|Any CPU
		{E7761295-C489-427A-92EF-67AB4648F1D9}.Debug|Any CPU.Build.0 = Debug|Any CPU
		{E7761295-C489-427A-92EF-67AB4648F1D9}.Release|Any CPU.ActiveCfg = Release|Any CPU
		{E7761295-C489-427A-92EF-67AB4648F1D9}.Release|Any CPU.Build.0 = Release|Any CPU
		{9C13FACE-EF0A-478E-A18F-92C106E2F920}.Debug|Any CPU.ActiveCfg = Debug|Any CPU
		{9C13FACE-EF0A-478E-A18F-92C106E2F920}.Debug|Any CPU.Build.0 = Debug|Any CPU
		{9C13FACE-EF0A-478E-A18F-92C106E2F920}.Release|Any CPU.ActiveCfg = Release|Any CPU
		{9C13FACE-EF0A-478E-A18F-92C106E2F920}.Release|Any CPU.Build.0 = Release|Any CPU
		{EED0AB12-3EFE-42A4-9783-07400761110E}.Debug|Any CPU.ActiveCfg = Debug|Any CPU
		{EED0AB12-3EFE-42A4-9783-07400761110E}.Debug|Any CPU.Build.0 = Debug|Any CPU
		{EED0AB12-3EFE-42A4-9783-07400761110E}.Release|Any CPU.ActiveCfg = Release|Any CPU
		{EED0AB12-3EFE-42A4-9783-07400761110E}.Release|Any CPU.Build.0 = Release|Any CPU
		{062F14D7-3E2D-4905-B6D9-57E5105918B1}.Debug|Any CPU.ActiveCfg = Debug|Any CPU
		{062F14D7-3E2D-4905-B6D9-57E5105918B1}.Debug|Any CPU.Build.0 = Debug|Any CPU
		{062F14D7-3E2D-4905-B6D9-57E5105918B1}.Release|Any CPU.ActiveCfg = Release|Any CPU
		{062F14D7-3E2D-4905-B6D9-57E5105918B1}.Release|Any CPU.Build.0 = Release|Any CPU
		{0CDAA101-457C-44EE-9822-8CB5A6BAC9CD}.Debug|Any CPU.ActiveCfg = Debug|Any CPU
		{0CDAA101-457C-44EE-9822-8CB5A6BAC9CD}.Debug|Any CPU.Build.0 = Debug|Any CPU
		{0CDAA101-457C-44EE-9822-8CB5A6BAC9CD}.Release|Any CPU.ActiveCfg = Release|Any CPU
		{0CDAA101-457C-44EE-9822-8CB5A6BAC9CD}.Release|Any CPU.Build.0 = Release|Any CPU
		{E107C426-767D-4A74-B51C-E48450BDD11F}.Debug|Any CPU.ActiveCfg = Debug|Any CPU
		{E107C426-767D-4A74-B51C-E48450BDD11F}.Debug|Any CPU.Build.0 = Debug|Any CPU
		{E107C426-767D-4A74-B51C-E48450BDD11F}.Release|Any CPU.ActiveCfg = Release|Any CPU
		{E107C426-767D-4A74-B51C-E48450BDD11F}.Release|Any CPU.Build.0 = Release|Any CPU
		{58664C0B-DA1C-4B7C-BA23-902CD7D2A1CD}.Debug|Any CPU.ActiveCfg = Debug|Any CPU
		{58664C0B-DA1C-4B7C-BA23-902CD7D2A1CD}.Debug|Any CPU.Build.0 = Debug|Any CPU
		{58664C0B-DA1C-4B7C-BA23-902CD7D2A1CD}.Release|Any CPU.ActiveCfg = Release|Any CPU
		{58664C0B-DA1C-4B7C-BA23-902CD7D2A1CD}.Release|Any CPU.Build.0 = Release|Any CPU
	EndGlobalSection
	GlobalSection(SolutionProperties) = preSolution
		HideSolutionNode = FALSE
	EndGlobalSection
	GlobalSection(ExtensibilityGlobals) = postSolution
		SolutionGuid = {3A600200-DDD1-4FD4-8E22-1AA649F42F15}
	EndGlobalSection
EndGlobal
